
Microsoft Visual Studio Solution File, Format Version 12.00
# Visual Studio Version 17
VisualStudioVersion = 17.7.34031.279
MinimumVisualStudioVersion = 10.0.40219.1
Project("{FAE04EC0-301F-11D3-BF4B-00C04F79EFBC}") = "Capadedatos", "Capadedatos\Capadedatos.csproj", "{5AF44665-0E85-458F-8EFF-E74225B3CE18}"
EndProject
Project("{FAE04EC0-301F-11D3-BF4B-00C04F79EFBC}") = "capadenegocio", "capadenegocio\capadenegocio.csproj", "{B85BBB48-7215-46BF-8EED-936186046C32}"
EndProject
Project("{FAE04EC0-301F-11D3-BF4B-00C04F79EFBC}") = "Capadepresentacion", "Capadepresentacion\Capadepresentacion.csproj", "{BBD0BCB1-A667-4C23-9845-90AED0EEAACD}"
EndProject
Global
	GlobalSection(SolutionConfigurationPlatforms) = preSolution
		Debug|Any CPU = Debug|Any CPU
		Release|Any CPU = Release|Any CPU
	EndGlobalSection
	GlobalSection(ProjectConfigurationPlatforms) = postSolution
		{5AF44665-0E85-458F-8EFF-E74225B3CE18}.Debug|Any CPU.ActiveCfg = Debug|Any CPU
		{5AF44665-0E85-458F-8EFF-E74225B3CE18}.Debug|Any CPU.Build.0 = Debug|Any CPU
		{5AF44665-0E85-458F-8EFF-E74225B3CE18}.Release|Any CPU.ActiveCfg = Release|Any CPU
		{5AF44665-0E85-458F-8EFF-E74225B3CE18}.Release|Any CPU.Build.0 = Release|Any CPU
		{B85BBB48-7215-46BF-8EED-936186046C32}.Debug|Any CPU.ActiveCfg = Debug|Any CPU
		{B85BBB48-7215-46BF-8EED-936186046C32}.Debug|Any CPU.Build.0 = Debug|Any CPU
		{B85BBB48-7215-46BF-8EED-936186046C32}.Release|Any CPU.ActiveCfg = Release|Any CPU
		{B85BBB48-7215-46BF-8EED-936186046C32}.Release|Any CPU.Build.0 = Release|Any CPU
		{BBD0BCB1-A667-4C23-9845-90AED0EEAACD}.Debug|Any CPU.ActiveCfg = Debug|Any CPU
		{BBD0BCB1-A667-4C23-9845-90AED0EEAACD}.Debug|Any CPU.Build.0 = Debug|Any CPU
		{BBD0BCB1-A667-4C23-9845-90AED0EEAACD}.Release|Any CPU.ActiveCfg = Release|Any CPU
		{BBD0BCB1-A667-4C23-9845-90AED0EEAACD}.Release|Any CPU.Build.0 = Release|Any CPU
	EndGlobalSection
	GlobalSection(SolutionProperties) = preSolution
		HideSolutionNode = FALSE
	EndGlobalSection
	GlobalSection(ExtensibilityGlobals) = postSolution
		SolutionGuid = {D00B3DBD-A24A-432B-AF99-A063B3C8464E}
	EndGlobalSection
EndGlobal
